// !$*UTF8*$!
{
	archiveVersion = 1;
	classes = {
	};
	objectVersion = 46;
	objects = {

/* Begin PBXBuildFile section */
		DB49F361195CF0D400067F96 /* HCSShortCutViewController.m in Sources */ = {isa = PBXBuildFile; fileRef = DB49F360195CF0D400067F96 /* HCSShortCutViewController.m */; };
		DB49F364195CF1C000067F96 /* HCSShortCutTextViewCell.m in Sources */ = {isa = PBXBuildFile; fileRef = DB49F363195CF1C000067F96 /* HCSShortCutTextViewCell.m */; };
		DB49FF06196634EF00D91BFE /* HCSMyHeaderReusableView.m in Sources */ = {isa = PBXBuildFile; fileRef = DB49FF05196634EF00D91BFE /* HCSMyHeaderReusableView.m */; };
		DB67659F19608E8D00C113D2 /* HCSShortcut.m in Sources */ = {isa = PBXBuildFile; fileRef = DB67659E19608E8D00C113D2 /* HCSShortcut.m */; };
		DB6765A51960BAB400C113D2 /* HCSCustomViewCell.m in Sources */ = {isa = PBXBuildFile; fileRef = DB6765A41960BAB400C113D2 /* HCSCustomViewCell.m */; };
		DB6765A8196126FD00C113D2 /* HCSAddCustomShortCutViewController.m in Sources */ = {isa = PBXBuildFile; fileRef = DB6765A7196126FD00C113D2 /* HCSAddCustomShortCutViewController.m */; };
		DB679ED8195BB92700C61F6F /* Foundation.framework in Frameworks */ = {isa = PBXBuildFile; fileRef = DB679ED7195BB92700C61F6F /* Foundation.framework */; };
		DB679EDA195BB92700C61F6F /* CoreGraphics.framework in Frameworks */ = {isa = PBXBuildFile; fileRef = DB679ED9195BB92700C61F6F /* CoreGraphics.framework */; };
		DB679EDC195BB92700C61F6F /* UIKit.framework in Frameworks */ = {isa = PBXBuildFile; fileRef = DB679EDB195BB92700C61F6F /* UIKit.framework */; };
		DB679EE2195BB92700C61F6F /* InfoPlist.strings in Resources */ = {isa = PBXBuildFile; fileRef = DB679EE0195BB92700C61F6F /* InfoPlist.strings */; };
		DB679EE4195BB92700C61F6F /* main.m in Sources */ = {isa = PBXBuildFile; fileRef = DB679EE3195BB92700C61F6F /* main.m */; };
		DB679EE8195BB92700C61F6F /* HCSAppDelegate.m in Sources */ = {isa = PBXBuildFile; fileRef = DB679EE7195BB92700C61F6F /* HCSAppDelegate.m */; };
		DB679EEB195BB92700C61F6F /* Main_iPhone.storyboard in Resources */ = {isa = PBXBuildFile; fileRef = DB679EE9195BB92700C61F6F /* Main_iPhone.storyboard */; };
		DB679EF1195BB92700C61F6F /* HCSViewController.m in Sources */ = {isa = PBXBuildFile; fileRef = DB679EF0195BB92700C61F6F /* HCSViewController.m */; };
		DB679EF3195BB92700C61F6F /* Images.xcassets in Resources */ = {isa = PBXBuildFile; fileRef = DB679EF2195BB92700C61F6F /* Images.xcassets */; };
		DB679EFA195BB92700C61F6F /* XCTest.framework in Frameworks */ = {isa = PBXBuildFile; fileRef = DB679EF9195BB92700C61F6F /* XCTest.framework */; };
		DB679EFB195BB92700C61F6F /* Foundation.framework in Frameworks */ = {isa = PBXBuildFile; fileRef = DB679ED7195BB92700C61F6F /* Foundation.framework */; };
		DB679EFC195BB92700C61F6F /* UIKit.framework in Frameworks */ = {isa = PBXBuildFile; fileRef = DB679EDB195BB92700C61F6F /* UIKit.framework */; };
		DB679F04195BB92700C61F6F /* InfoPlist.strings in Resources */ = {isa = PBXBuildFile; fileRef = DB679F02195BB92700C61F6F /* InfoPlist.strings */; };
		DB679F06195BB92700C61F6F /* Progress_ReportTests.m in Sources */ = {isa = PBXBuildFile; fileRef = DB679F05195BB92700C61F6F /* Progress_ReportTests.m */; };
		DB679F12195BD43900C61F6F /* EventKit.framework in Frameworks */ = {isa = PBXBuildFile; fileRef = DB679F11195BD43900C61F6F /* EventKit.framework */; };
/* End PBXBuildFile section */

/* Begin PBXContainerItemProxy section */
		DB679EFD195BB92700C61F6F /* PBXContainerItemProxy */ = {
			isa = PBXContainerItemProxy;
			containerPortal = DB679ECC195BB92700C61F6F /* Project object */;
			proxyType = 1;
			remoteGlobalIDString = DB679ED3195BB92700C61F6F;
			remoteInfo = "Progress Report";
		};
/* End PBXContainerItemProxy section */

/* Begin PBXFileReference section */
		DB49F35F195CF0D400067F96 /* HCSShortCutViewController.h */ = {isa = PBXFileReference; fileEncoding = 4; lastKnownFileType = sourcecode.c.h; path = HCSShortCutViewController.h; sourceTree = "<group>"; };
		DB49F360195CF0D400067F96 /* HCSShortCutViewController.m */ = {isa = PBXFileReference; fileEncoding = 4; lastKnownFileType = sourcecode.c.objc; path = HCSShortCutViewController.m; sourceTree = "<group>"; };
		DB49F362195CF1C000067F96 /* HCSShortCutTextViewCell.h */ = {isa = PBXFileReference; fileEncoding = 4; lastKnownFileType = sourcecode.c.h; path = HCSShortCutTextViewCell.h; sourceTree = "<group>"; };
		DB49F363195CF1C000067F96 /* HCSShortCutTextViewCell.m */ = {isa = PBXFileReference; fileEncoding = 4; lastKnownFileType = sourcecode.c.objc; path = HCSShortCutTextViewCell.m; sourceTree = "<group>"; };
		DB49F365195D19AC00067F96 /* HCSShortcut.h */ = {isa = PBXFileReference; fileEncoding = 4; lastKnownFileType = sourcecode.c.h; path = HCSShortcut.h; sourceTree = "<group>"; };
		DB49FF04196634EF00D91BFE /* HCSMyHeaderReusableView.h */ = {isa = PBXFileReference; fileEncoding = 4; lastKnownFileType = sourcecode.c.h; path = HCSMyHeaderReusableView.h; sourceTree = "<group>"; };
		DB49FF05196634EF00D91BFE /* HCSMyHeaderReusableView.m */ = {isa = PBXFileReference; fileEncoding = 4; lastKnownFileType = sourcecode.c.objc; path = HCSMyHeaderReusableView.m; sourceTree = "<group>"; };
		DB67659E19608E8D00C113D2 /* HCSShortcut.m */ = {isa = PBXFileReference; fileEncoding = 4; lastKnownFileType = sourcecode.c.objc; path = HCSShortcut.m; sourceTree = "<group>"; };
		DB6765A31960BAB400C113D2 /* HCSCustomViewCell.h */ = {isa = PBXFileReference; fileEncoding = 4; lastKnownFileType = sourcecode.c.h; path = HCSCustomViewCell.h; sourceTree = "<group>"; };
		DB6765A41960BAB400C113D2 /* HCSCustomViewCell.m */ = {isa = PBXFileReference; fileEncoding = 4; lastKnownFileType = sourcecode.c.objc; path = HCSCustomViewCell.m; sourceTree = "<group>"; };
		DB6765A6196126FD00C113D2 /* HCSAddCustomShortCutViewController.h */ = {isa = PBXFileReference; fileEncoding = 4; lastKnownFileType = sourcecode.c.h; path = HCSAddCustomShortCutViewController.h; sourceTree = "<group>"; };
		DB6765A7196126FD00C113D2 /* HCSAddCustomShortCutViewController.m */ = {isa = PBXFileReference; fileEncoding = 4; lastKnownFileType = sourcecode.c.objc; path = HCSAddCustomShortCutViewController.m; sourceTree = "<group>"; };
		DB679ED4195BB92700C61F6F /* Track Today.app */ = {isa = PBXFileReference; explicitFileType = wrapper.application; includeInIndex = 0; path = "Track Today.app"; sourceTree = BUILT_PRODUCTS_DIR; };
		DB679ED7195BB92700C61F6F /* Foundation.framework */ = {isa = PBXFileReference; lastKnownFileType = wrapper.framework; name = Foundation.framework; path = System/Library/Frameworks/Foundation.framework; sourceTree = SDKROOT; };
		DB679ED9195BB92700C61F6F /* CoreGraphics.framework */ = {isa = PBXFileReference; lastKnownFileType = wrapper.framework; name = CoreGraphics.framework; path = System/Library/Frameworks/CoreGraphics.framework; sourceTree = SDKROOT; };
		DB679EDB195BB92700C61F6F /* UIKit.framework */ = {isa = PBXFileReference; lastKnownFileType = wrapper.framework; name = UIKit.framework; path = System/Library/Frameworks/UIKit.framework; sourceTree = SDKROOT; };
		DB679EDF195BB92700C61F6F /* Track Today-Info.plist */ = {isa = PBXFileReference; lastKnownFileType = text.plist.xml; path = "Track Today-Info.plist"; sourceTree = "<group>"; };
		DB679EE1195BB92700C61F6F /* en */ = {isa = PBXFileReference; lastKnownFileType = text.plist.strings; name = en; path = en.lproj/InfoPlist.strings; sourceTree = "<group>"; };
		DB679EE3195BB92700C61F6F /* main.m */ = {isa = PBXFileReference; lastKnownFileType = sourcecode.c.objc; path = main.m; sourceTree = "<group>"; };
		DB679EE5195BB92700C61F6F /* Track Today-Prefix.pch */ = {isa = PBXFileReference; lastKnownFileType = sourcecode.c.h; path = "Track Today-Prefix.pch"; sourceTree = "<group>"; };
		DB679EE6195BB92700C61F6F /* HCSAppDelegate.h */ = {isa = PBXFileReference; lastKnownFileType = sourcecode.c.h; path = HCSAppDelegate.h; sourceTree = "<group>"; };
		DB679EE7195BB92700C61F6F /* HCSAppDelegate.m */ = {isa = PBXFileReference; lastKnownFileType = sourcecode.c.objc; path = HCSAppDelegate.m; sourceTree = "<group>"; };
		DB679EEA195BB92700C61F6F /* Base */ = {isa = PBXFileReference; lastKnownFileType = file.storyboard; name = Base; path = Base.lproj/Main_iPhone.storyboard; sourceTree = "<group>"; };
		DB679EEF195BB92700C61F6F /* HCSViewController.h */ = {isa = PBXFileReference; lastKnownFileType = sourcecode.c.h; path = HCSViewController.h; sourceTree = "<group>"; };
		DB679EF0195BB92700C61F6F /* HCSViewController.m */ = {isa = PBXFileReference; lastKnownFileType = sourcecode.c.objc; path = HCSViewController.m; sourceTree = "<group>"; };
		DB679EF2195BB92700C61F6F /* Images.xcassets */ = {isa = PBXFileReference; lastKnownFileType = folder.assetcatalog; path = Images.xcassets; sourceTree = "<group>"; };
		DB679EF8195BB92700C61F6F /* Track TodayTests.xctest */ = {isa = PBXFileReference; explicitFileType = wrapper.cfbundle; includeInIndex = 0; path = "Track TodayTests.xctest"; sourceTree = BUILT_PRODUCTS_DIR; };
		DB679EF9195BB92700C61F6F /* XCTest.framework */ = {isa = PBXFileReference; lastKnownFileType = wrapper.framework; name = XCTest.framework; path = Library/Frameworks/XCTest.framework; sourceTree = DEVELOPER_DIR; };
		DB679F01195BB92700C61F6F /* Track TodayTests-Info.plist */ = {isa = PBXFileReference; lastKnownFileType = text.plist.xml; path = "Track TodayTests-Info.plist"; sourceTree = "<group>"; };
		DB679F03195BB92700C61F6F /* en */ = {isa = PBXFileReference; lastKnownFileType = text.plist.strings; name = en; path = en.lproj/InfoPlist.strings; sourceTree = "<group>"; };
		DB679F05195BB92700C61F6F /* Progress_ReportTests.m */ = {isa = PBXFileReference; lastKnownFileType = sourcecode.c.objc; path = Progress_ReportTests.m; sourceTree = "<group>"; };
		DB679F11195BD43900C61F6F /* EventKit.framework */ = {isa = PBXFileReference; lastKnownFileType = wrapper.framework; name = EventKit.framework; path = System/Library/Frameworks/EventKit.framework; sourceTree = SDKROOT; };
/* End PBXFileReference section */

/* Begin PBXFrameworksBuildPhase section */
		DB679ED1195BB92700C61F6F /* Frameworks */ = {
			isa = PBXFrameworksBuildPhase;
			buildActionMask = 2147483647;
			files = (
				DB679F12195BD43900C61F6F /* EventKit.framework in Frameworks */,
				DB679EDA195BB92700C61F6F /* CoreGraphics.framework in Frameworks */,
				DB679EDC195BB92700C61F6F /* UIKit.framework in Frameworks */,
				DB679ED8195BB92700C61F6F /* Foundation.framework in Frameworks */,
			);
			runOnlyForDeploymentPostprocessing = 0;
		};
		DB679EF5195BB92700C61F6F /* Frameworks */ = {
			isa = PBXFrameworksBuildPhase;
			buildActionMask = 2147483647;
			files = (
				DB679EFA195BB92700C61F6F /* XCTest.framework in Frameworks */,
				DB679EFC195BB92700C61F6F /* UIKit.framework in Frameworks */,
				DB679EFB195BB92700C61F6F /* Foundation.framework in Frameworks */,
			);
			runOnlyForDeploymentPostprocessing = 0;
		};
/* End PBXFrameworksBuildPhase section */

/* Begin PBXGroup section */
		DB679ECB195BB92700C61F6F = {
			isa = PBXGroup;
			children = (
				DB679EDD195BB92700C61F6F /* Progress Report */,
				DB679EFF195BB92700C61F6F /* Progress ReportTests */,
				DB679ED6195BB92700C61F6F /* Frameworks */,
				DB679ED5195BB92700C61F6F /* Products */,
			);
			sourceTree = "<group>";
		};
		DB679ED5195BB92700C61F6F /* Products */ = {
			isa = PBXGroup;
			children = (
				DB679ED4195BB92700C61F6F /* Track Today.app */,
				DB679EF8195BB92700C61F6F /* Track TodayTests.xctest */,
			);
			name = Products;
			sourceTree = "<group>";
		};
		DB679ED6195BB92700C61F6F /* Frameworks */ = {
			isa = PBXGroup;
			children = (
				DB679F11195BD43900C61F6F /* EventKit.framework */,
				DB679ED7195BB92700C61F6F /* Foundation.framework */,
				DB679ED9195BB92700C61F6F /* CoreGraphics.framework */,
				DB679EDB195BB92700C61F6F /* UIKit.framework */,
				DB679EF9195BB92700C61F6F /* XCTest.framework */,
			);
			name = Frameworks;
			sourceTree = "<group>";
		};
		DB679EDD195BB92700C61F6F /* Progress Report */ = {
			isa = PBXGroup;
			children = (
				DB679EE6195BB92700C61F6F /* HCSAppDelegate.h */,
				DB679EE7195BB92700C61F6F /* HCSAppDelegate.m */,
				DB679EE9195BB92700C61F6F /* Main_iPhone.storyboard */,
				DB679EEF195BB92700C61F6F /* HCSViewController.h */,
				DB679EF0195BB92700C61F6F /* HCSViewController.m */,
				DB49F35F195CF0D400067F96 /* HCSShortCutViewController.h */,
				DB49F360195CF0D400067F96 /* HCSShortCutViewController.m */,
				DB49F362195CF1C000067F96 /* HCSShortCutTextViewCell.h */,
				DB49F363195CF1C000067F96 /* HCSShortCutTextViewCell.m */,
				DB6765A31960BAB400C113D2 /* HCSCustomViewCell.h */,
				DB6765A41960BAB400C113D2 /* HCSCustomViewCell.m */,
				DB49FF04196634EF00D91BFE /* HCSMyHeaderReusableView.h */,
				DB49FF05196634EF00D91BFE /* HCSMyHeaderReusableView.m */,
				DB6765A6196126FD00C113D2 /* HCSAddCustomShortCutViewController.h */,
				DB6765A7196126FD00C113D2 /* HCSAddCustomShortCutViewController.m */,
				DB49F365195D19AC00067F96 /* HCSShortcut.h */,
				DB67659E19608E8D00C113D2 /* HCSShortcut.m */,
				DB679EF2195BB92700C61F6F /* Images.xcassets */,
				DB679EDE195BB92700C61F6F /* Supporting Files */,
			);
			path = "Progress Report";
			sourceTree = "<group>";
		};
		DB679EDE195BB92700C61F6F /* Supporting Files */ = {
			isa = PBXGroup;
			children = (
				DB679EDF195BB92700C61F6F /* Track Today-Info.plist */,
				DB679EE0195BB92700C61F6F /* InfoPlist.strings */,
				DB679EE3195BB92700C61F6F /* main.m */,
				DB679EE5195BB92700C61F6F /* Track Today-Prefix.pch */,
			);
			name = "Supporting Files";
			sourceTree = "<group>";
		};
		DB679EFF195BB92700C61F6F /* Progress ReportTests */ = {
			isa = PBXGroup;
			children = (
				DB679F05195BB92700C61F6F /* Progress_ReportTests.m */,
				DB679F00195BB92700C61F6F /* Supporting Files */,
			);
			path = "Progress ReportTests";
			sourceTree = "<group>";
		};
		DB679F00195BB92700C61F6F /* Supporting Files */ = {
			isa = PBXGroup;
			children = (
				DB679F01195BB92700C61F6F /* Track TodayTests-Info.plist */,
				DB679F02195BB92700C61F6F /* InfoPlist.strings */,
			);
			name = "Supporting Files";
			sourceTree = "<group>";
		};
/* End PBXGroup section */

/* Begin PBXNativeTarget section */
		DB679ED3195BB92700C61F6F /* Track Today */ = {
			isa = PBXNativeTarget;
			buildConfigurationList = DB679F09195BB92700C61F6F /* Build configuration list for PBXNativeTarget "Track Today" */;
			buildPhases = (
				DB679ED0195BB92700C61F6F /* Sources */,
				DB679ED1195BB92700C61F6F /* Frameworks */,
				DB679ED2195BB92700C61F6F /* Resources */,
			);
			buildRules = (
			);
			dependencies = (
			);
			name = "Track Today";
			productName = "Progress Report";
			productReference = DB679ED4195BB92700C61F6F /* Track Today.app */;
			productType = "com.apple.product-type.application";
		};
		DB679EF7195BB92700C61F6F /* Track TodayTests */ = {
			isa = PBXNativeTarget;
			buildConfigurationList = DB679F0C195BB92700C61F6F /* Build configuration list for PBXNativeTarget "Track TodayTests" */;
			buildPhases = (
				DB679EF4195BB92700C61F6F /* Sources */,
				DB679EF5195BB92700C61F6F /* Frameworks */,
				DB679EF6195BB92700C61F6F /* Resources */,
			);
			buildRules = (
			);
			dependencies = (
				DB679EFE195BB92700C61F6F /* PBXTargetDependency */,
			);
			name = "Track TodayTests";
			productName = "Progress ReportTests";
			productReference = DB679EF8195BB92700C61F6F /* Track TodayTests.xctest */;
			productType = "com.apple.product-type.bundle.unit-test";
		};
/* End PBXNativeTarget section */

/* Begin PBXProject section */
		DB679ECC195BB92700C61F6F /* Project object */ = {
			isa = PBXProject;
			attributes = {
				CLASSPREFIX = HCS;
				LastUpgradeCheck = 0510;
				ORGANIZATIONNAME = "Roger Zou";
				TargetAttributes = {
					DB679ED3195BB92700C61F6F = {
						DevelopmentTeam = 8TKRWQTPVP;
					};
					DB679EF7195BB92700C61F6F = {
						TestTargetID = DB679ED3195BB92700C61F6F;
					};
				};
			};
			buildConfigurationList = DB679ECF195BB92700C61F6F /* Build configuration list for PBXProject "Track Today" */;
			compatibilityVersion = "Xcode 3.2";
			developmentRegion = English;
			hasScannedForEncodings = 0;
			knownRegions = (
				en,
				Base,
			);
			mainGroup = DB679ECB195BB92700C61F6F;
			productRefGroup = DB679ED5195BB92700C61F6F /* Products */;
			projectDirPath = "";
			projectRoot = "";
			targets = (
				DB679ED3195BB92700C61F6F /* Track Today */,
				DB679EF7195BB92700C61F6F /* Track TodayTests */,
			);
		};
/* End PBXProject section */

/* Begin PBXResourcesBuildPhase section */
		DB679ED2195BB92700C61F6F /* Resources */ = {
			isa = PBXResourcesBuildPhase;
			buildActionMask = 2147483647;
			files = (
				DB679EF3195BB92700C61F6F /* Images.xcassets in Resources */,
				DB679EEB195BB92700C61F6F /* Main_iPhone.storyboard in Resources */,
				DB679EE2195BB92700C61F6F /* InfoPlist.strings in Resources */,
			);
			runOnlyForDeploymentPostprocessing = 0;
		};
		DB679EF6195BB92700C61F6F /* Resources */ = {
			isa = PBXResourcesBuildPhase;
			buildActionMask = 2147483647;
			files = (
				DB679F04195BB92700C61F6F /* InfoPlist.strings in Resources */,
			);
			runOnlyForDeploymentPostprocessing = 0;
		};
/* End PBXResourcesBuildPhase section */

/* Begin PBXSourcesBuildPhase section */
		DB679ED0195BB92700C61F6F /* Sources */ = {
			isa = PBXSourcesBuildPhase;
			buildActionMask = 2147483647;
			files = (
				DB679EE4195BB92700C61F6F /* main.m in Sources */,
				DB49F364195CF1C000067F96 /* HCSShortCutTextViewCell.m in Sources */,
				DB6765A51960BAB400C113D2 /* HCSCustomViewCell.m in Sources */,
				DB49FF06196634EF00D91BFE /* HCSMyHeaderReusableView.m in Sources */,
				DB67659F19608E8D00C113D2 /* HCSShortcut.m in Sources */,
				DB6765A8196126FD00C113D2 /* HCSAddCustomShortCutViewController.m in Sources */,
				DB679EF1195BB92700C61F6F /* HCSViewController.m in Sources */,
				DB679EE8195BB92700C61F6F /* HCSAppDelegate.m in Sources */,
				DB49F361195CF0D400067F96 /* HCSShortCutViewController.m in Sources */,
			);
			runOnlyForDeploymentPostprocessing = 0;
		};
		DB679EF4195BB92700C61F6F /* Sources */ = {
			isa = PBXSourcesBuildPhase;
			buildActionMask = 2147483647;
			files = (
				DB679F06195BB92700C61F6F /* Progress_ReportTests.m in Sources */,
			);
			runOnlyForDeploymentPostprocessing = 0;
		};
/* End PBXSourcesBuildPhase section */

/* Begin PBXTargetDependency section */
		DB679EFE195BB92700C61F6F /* PBXTargetDependency */ = {
			isa = PBXTargetDependency;
			target = DB679ED3195BB92700C61F6F /* Track Today */;
			targetProxy = DB679EFD195BB92700C61F6F /* PBXContainerItemProxy */;
		};
/* End PBXTargetDependency section */

/* Begin PBXVariantGroup section */
		DB679EE0195BB92700C61F6F /* InfoPlist.strings */ = {
			isa = PBXVariantGroup;
			children = (
				DB679EE1195BB92700C61F6F /* en */,
			);
			name = InfoPlist.strings;
			sourceTree = "<group>";
		};
		DB679EE9195BB92700C61F6F /* Main_iPhone.storyboard */ = {
			isa = PBXVariantGroup;
			children = (
				DB679EEA195BB92700C61F6F /* Base */,
			);
			name = Main_iPhone.storyboard;
			sourceTree = "<group>";
		};
		DB679F02195BB92700C61F6F /* InfoPlist.strings */ = {
			isa = PBXVariantGroup;
			children = (
				DB679F03195BB92700C61F6F /* en */,
			);
			name = InfoPlist.strings;
			sourceTree = "<group>";
		};
/* End PBXVariantGroup section */

/* Begin XCBuildConfiguration section */
		DB679F07195BB92700C61F6F /* Debug */ = {
			isa = XCBuildConfiguration;
			buildSettings = {
				ALWAYS_SEARCH_USER_PATHS = NO;
				CLANG_CXX_LANGUAGE_STANDARD = "gnu++0x";
				CLANG_CXX_LIBRARY = "libc++";
				CLANG_ENABLE_MODULES = YES;
				CLANG_ENABLE_OBJC_ARC = YES;
				CLANG_WARN_BOOL_CONVERSION = YES;
				CLANG_WARN_CONSTANT_CONVERSION = YES;
				CLANG_WARN_DIRECT_OBJC_ISA_USAGE = YES_ERROR;
				CLANG_WARN_EMPTY_BODY = YES;
				CLANG_WARN_ENUM_CONVERSION = YES;
				CLANG_WARN_INT_CONVERSION = YES;
				CLANG_WARN_OBJC_ROOT_CLASS = YES_ERROR;
				CLANG_WARN__DUPLICATE_METHOD_MATCH = YES;
				"CODE_SIGN_IDENTITY[sdk=iphoneos*]" = "iPhone Developer";
				COPY_PHASE_STRIP = NO;
				GCC_C_LANGUAGE_STANDARD = gnu99;
				GCC_DYNAMIC_NO_PIC = NO;
				GCC_OPTIMIZATION_LEVEL = 0;
				GCC_PREPROCESSOR_DEFINITIONS = (
					"DEBUG=1",
					"$(inherited)",
				);
				GCC_SYMBOLS_PRIVATE_EXTERN = NO;
				GCC_WARN_64_TO_32_BIT_CONVERSION = YES;
				GCC_WARN_ABOUT_RETURN_TYPE = YES_ERROR;
				GCC_WARN_UNDECLARED_SELECTOR = YES;
				GCC_WARN_UNINITIALIZED_AUTOS = YES_AGGRESSIVE;
				GCC_WARN_UNUSED_FUNCTION = YES;
				GCC_WARN_UNUSED_VARIABLE = YES;
				IPHONEOS_DEPLOYMENT_TARGET = 7.1;
				ONLY_ACTIVE_ARCH = YES;
				SDKROOT = iphoneos;
				TARGETED_DEVICE_FAMILY = "1,2";
			};
			name = Debug;
		};
		DB679F08195BB92700C61F6F /* Release */ = {
			isa = XCBuildConfiguration;
			buildSettings = {
				ALWAYS_SEARCH_USER_PATHS = NO;
				CLANG_CXX_LANGUAGE_STANDARD = "gnu++0x";
				CLANG_CXX_LIBRARY = "libc++";
				CLANG_ENABLE_MODULES = YES;
				CLANG_ENABLE_OBJC_ARC = YES;
				CLANG_WARN_BOOL_CONVERSION = YES;
				CLANG_WARN_CONSTANT_CONVERSION = YES;
				CLANG_WARN_DIRECT_OBJC_ISA_USAGE = YES_ERROR;
				CLANG_WARN_EMPTY_BODY = YES;
				CLANG_WARN_ENUM_CONVERSION = YES;
				CLANG_WARN_INT_CONVERSION = YES;
				CLANG_WARN_OBJC_ROOT_CLASS = YES_ERROR;
				CLANG_WARN__DUPLICATE_METHOD_MATCH = YES;
				"CODE_SIGN_IDENTITY[sdk=iphoneos*]" = "iPhone Developer";
				COPY_PHASE_STRIP = YES;
				ENABLE_NS_ASSERTIONS = NO;
				GCC_C_LANGUAGE_STANDARD = gnu99;
				GCC_WARN_64_TO_32_BIT_CONVERSION = YES;
				GCC_WARN_ABOUT_RETURN_TYPE = YES_ERROR;
				GCC_WARN_UNDECLARED_SELECTOR = YES;
				GCC_WARN_UNINITIALIZED_AUTOS = YES_AGGRESSIVE;
				GCC_WARN_UNUSED_FUNCTION = YES;
				GCC_WARN_UNUSED_VARIABLE = YES;
				IPHONEOS_DEPLOYMENT_TARGET = 7.1;
				SDKROOT = iphoneos;
				TARGETED_DEVICE_FAMILY = "1,2";
				VALIDATE_PRODUCT = YES;
			};
			name = Release;
		};
		DB679F0A195BB92700C61F6F /* Debug */ = {
			isa = XCBuildConfiguration;
			buildSettings = {
				ASSETCATALOG_COMPILER_APPICON_NAME = AppIcon;
				ASSETCATALOG_COMPILER_LAUNCHIMAGE_NAME = LaunchImage;
				CODE_SIGN_IDENTITY = "iPhone Developer";
				"CODE_SIGN_IDENTITY[sdk=iphoneos*]" = "iPhone Developer";
				GCC_PRECOMPILE_PREFIX_HEADER = YES;
				GCC_PREFIX_HEADER = "Progress Report/Track Today-Prefix.pch";
				INFOPLIST_FILE = "Progress Report/Track Today-Info.plist";
				PRODUCT_NAME = "Track Today";
				PROVISIONING_PROFILE = "";
				TARGETED_DEVICE_FAMILY = 1;
				WRAPPER_EXTENSION = app;
			};
			name = Debug;
		};
		DB679F0B195BB92700C61F6F /* Release */ = {
			isa = XCBuildConfiguration;
			buildSettings = {
				ASSETCATALOG_COMPILER_APPICON_NAME = AppIcon;
				ASSETCATALOG_COMPILER_LAUNCHIMAGE_NAME = LaunchImage;
				CODE_SIGN_IDENTITY = "iPhone Developer";
				"CODE_SIGN_IDENTITY[sdk=iphoneos*]" = "iPhone Developer";
				GCC_PRECOMPILE_PREFIX_HEADER = YES;
				GCC_PREFIX_HEADER = "Progress Report/Track Today-Prefix.pch";
				INFOPLIST_FILE = "Progress Report/Track Today-Info.plist";
				PRODUCT_NAME = "Track Today";
				PROVISIONING_PROFILE = "";
				TARGETED_DEVICE_FAMILY = 1;
				WRAPPER_EXTENSION = app;
			};
			name = Release;
		};
		DB679F0D195BB92700C61F6F /* Debug */ = {
			isa = XCBuildConfiguration;
			buildSettings = {
				BUNDLE_LOADER = "$(BUILT_PRODUCTS_DIR)/Progress Report.app/Progress Report";
				FRAMEWORK_SEARCH_PATHS = (
					"$(SDKROOT)/Developer/Library/Frameworks",
					"$(inherited)",
					"$(DEVELOPER_FRAMEWORKS_DIR)",
				);
				GCC_PRECOMPILE_PREFIX_HEADER = YES;
				GCC_PREFIX_HEADER = "Progress Report/Progress Report-Prefix.pch";
				GCC_PREPROCESSOR_DEFINITIONS = (
					"DEBUG=1",
					"$(inherited)",
				);
				INFOPLIST_FILE = "Progress ReportTests/Track TodayTests-Info.plist";
				PRODUCT_NAME = "Track TodayTests";
				TEST_HOST = "$(BUNDLE_LOADER)";
				WRAPPER_EXTENSION = xctest;
			};
			name = Debug;
		};
		DB679F0E195BB92700C61F6F /* Release */ = {
			isa = XCBuildConfiguration;
			buildSettings = {
				BUNDLE_LOADER = "$(BUILT_PRODUCTS_DIR)/Progress Report.app/Progress Report";
				FRAMEWORK_SEARCH_PATHS = (
					"$(SDKROOT)/Developer/Library/Frameworks",
					"$(inherited)",
					"$(DEVELOPER_FRAMEWORKS_DIR)",
				);
				GCC_PRECOMPILE_PREFIX_HEADER = YES;
				GCC_PREFIX_HEADER = "Progress Report/Progress Report-Prefix.pch";
				INFOPLIST_FILE = "Progress ReportTests/Track TodayTests-Info.plist";
				PRODUCT_NAME = "Track TodayTests";
				TEST_HOST = "$(BUNDLE_LOADER)";
				WRAPPER_EXTENSION = xctest;
			};
			name = Release;
		};
/* End XCBuildConfiguration section */

/* Begin XCConfigurationList section */
		DB679ECF195BB92700C61F6F /* Build configuration list for PBXProject "Track Today" */ = {
			isa = XCConfigurationList;
			buildConfigurations = (
				DB679F07195BB92700C61F6F /* Debug */,
				DB679F08195BB92700C61F6F /* Release */,
			);
			defaultConfigurationIsVisible = 0;
			defaultConfigurationName = Release;
		};
		DB679F09195BB92700C61F6F /* Build configuration list for PBXNativeTarget "Track Today" */ = {
			isa = XCConfigurationList;
			buildConfigurations = (
				DB679F0A195BB92700C61F6F /* Debug */,
				DB679F0B195BB92700C61F6F /* Release */,
			);
			defaultConfigurationIsVisible = 0;
			defaultConfigurationName = Release;
		};
		DB679F0C195BB92700C61F6F /* Build configuration list for PBXNativeTarget "Track TodayTests" */ = {
			isa = XCConfigurationList;
			buildConfigurations = (
				DB679F0D195BB92700C61F6F /* Debug */,
				DB679F0E195BB92700C61F6F /* Release */,
			);
			defaultConfigurationIsVisible = 0;
			defaultConfigurationName = Release;
		};
/* End XCConfigurationList section */
	};
	rootObject = DB679ECC195BB92700C61F6F /* Project object */;
}
