// !$*UTF8*$!
{
	archiveVersion = 1;
	classes = {
	};
	objectVersion = 46;
	objects = {

/* Begin PBXBuildFile section */
		DB66C89B1965E957008A661B /* Foundation.framework in Frameworks */ = {isa = PBXBuildFile; fileRef = DB66C89A1965E957008A661B /* Foundation.framework */; };
		DB66C89D1965E957008A661B /* CoreGraphics.framework in Frameworks */ = {isa = PBXBuildFile; fileRef = DB66C89C1965E957008A661B /* CoreGraphics.framework */; };
		DB66C89F1965E957008A661B /* UIKit.framework in Frameworks */ = {isa = PBXBuildFile; fileRef = DB66C89E1965E957008A661B /* UIKit.framework */; };
		DB66C8A51965E957008A661B /* InfoPlist.strings in Resources */ = {isa = PBXBuildFile; fileRef = DB66C8A31965E957008A661B /* InfoPlist.strings */; };
		DB66C8A71965E957008A661B /* main.m in Sources */ = {isa = PBXBuildFile; fileRef = DB66C8A61965E957008A661B /* main.m */; };
		DB66C8B41965E957008A661B /* XCTest.framework in Frameworks */ = {isa = PBXBuildFile; fileRef = DB66C8B31965E957008A661B /* XCTest.framework */; };
		DB66C8B51965E957008A661B /* Foundation.framework in Frameworks */ = {isa = PBXBuildFile; fileRef = DB66C89A1965E957008A661B /* Foundation.framework */; };
		DB66C8B61965E957008A661B /* UIKit.framework in Frameworks */ = {isa = PBXBuildFile; fileRef = DB66C89E1965E957008A661B /* UIKit.framework */; };
		DB66C8BE1965E957008A661B /* InfoPlist.strings in Resources */ = {isa = PBXBuildFile; fileRef = DB66C8BC1965E957008A661B /* InfoPlist.strings */; };
		DB66C8C01965E957008A661B /* Track_TodayTests.m in Sources */ = {isa = PBXBuildFile; fileRef = DB66C8BF1965E957008A661B /* Track_TodayTests.m */; };
		DB66C8CB1965E979008A661B /* Main_iPhone.storyboard in Resources */ = {isa = PBXBuildFile; fileRef = DB66C8C91965E979008A661B /* Main_iPhone.storyboard */; };
		DB66C8DD1965E9A2008A661B /* HCSAddCustomShortCutViewController.m in Sources */ = {isa = PBXBuildFile; fileRef = DB66C8CD1965E9A2008A661B /* HCSAddCustomShortCutViewController.m */; };
		DB66C8DE1965E9A2008A661B /* HCSAddCustomViewCell.m in Sources */ = {isa = PBXBuildFile; fileRef = DB66C8CF1965E9A2008A661B /* HCSAddCustomViewCell.m */; };
		DB66C8DF1965E9A2008A661B /* HCSAppDelegate.m in Sources */ = {isa = PBXBuildFile; fileRef = DB66C8D11965E9A2008A661B /* HCSAppDelegate.m */; };
		DB66C8E01965E9A2008A661B /* HCSCustomViewCell.m in Sources */ = {isa = PBXBuildFile; fileRef = DB66C8D31965E9A2008A661B /* HCSCustomViewCell.m */; };
		DB66C8E11965E9A2008A661B /* HCSShortcut.m in Sources */ = {isa = PBXBuildFile; fileRef = DB66C8D51965E9A2008A661B /* HCSShortcut.m */; };
		DB66C8E21965E9A2008A661B /* HCSShortCutTextViewCell.m in Sources */ = {isa = PBXBuildFile; fileRef = DB66C8D71965E9A2008A661B /* HCSShortCutTextViewCell.m */; };
		DB66C8E31965E9A2008A661B /* HCSShortCutViewController.m in Sources */ = {isa = PBXBuildFile; fileRef = DB66C8D91965E9A2008A661B /* HCSShortCutViewController.m */; };
		DB66C8E41965E9A2008A661B /* HCSViewController.m in Sources */ = {isa = PBXBuildFile; fileRef = DB66C8DB1965E9A2008A661B /* HCSViewController.m */; };
		DB66C8E51965E9A2008A661B /* Images.xcassets in Resources */ = {isa = PBXBuildFile; fileRef = DB66C8DC1965E9A2008A661B /* Images.xcassets */; };
/* End PBXBuildFile section */

/* Begin PBXContainerItemProxy section */
		DB66C8B71965E957008A661B /* PBXContainerItemProxy */ = {
			isa = PBXContainerItemProxy;
			containerPortal = DB66C88F1965E957008A661B /* Project object */;
			proxyType = 1;
			remoteGlobalIDString = DB66C8961965E957008A661B;
			remoteInfo = "Track Today";
		};
/* End PBXContainerItemProxy section */

/* Begin PBXFileReference section */
		DB66C8971965E957008A661B /* Track Today.app */ = {isa = PBXFileReference; explicitFileType = wrapper.application; includeInIndex = 0; path = "Track Today.app"; sourceTree = BUILT_PRODUCTS_DIR; };
		DB66C89A1965E957008A661B /* Foundation.framework */ = {isa = PBXFileReference; lastKnownFileType = wrapper.framework; name = Foundation.framework; path = System/Library/Frameworks/Foundation.framework; sourceTree = SDKROOT; };
		DB66C89C1965E957008A661B /* CoreGraphics.framework */ = {isa = PBXFileReference; lastKnownFileType = wrapper.framework; name = CoreGraphics.framework; path = System/Library/Frameworks/CoreGraphics.framework; sourceTree = SDKROOT; };
		DB66C89E1965E957008A661B /* UIKit.framework */ = {isa = PBXFileReference; lastKnownFileType = wrapper.framework; name = UIKit.framework; path = System/Library/Frameworks/UIKit.framework; sourceTree = SDKROOT; };
		DB66C8A21965E957008A661B /* Track Today-Info.plist */ = {isa = PBXFileReference; lastKnownFileType = text.plist.xml; path = "Track Today-Info.plist"; sourceTree = "<group>"; };
		DB66C8A41965E957008A661B /* en */ = {isa = PBXFileReference; lastKnownFileType = text.plist.strings; name = en; path = en.lproj/InfoPlist.strings; sourceTree = "<group>"; };
		DB66C8A61965E957008A661B /* main.m */ = {isa = PBXFileReference; lastKnownFileType = sourcecode.c.objc; path = main.m; sourceTree = "<group>"; };
		DB66C8A81965E957008A661B /* Track Today-Prefix.pch */ = {isa = PBXFileReference; lastKnownFileType = sourcecode.c.h; path = "Track Today-Prefix.pch"; sourceTree = "<group>"; };
		DB66C8B21965E957008A661B /* Track TodayTests.xctest */ = {isa = PBXFileReference; explicitFileType = wrapper.cfbundle; includeInIndex = 0; path = "Track TodayTests.xctest"; sourceTree = BUILT_PRODUCTS_DIR; };
		DB66C8B31965E957008A661B /* XCTest.framework */ = {isa = PBXFileReference; lastKnownFileType = wrapper.framework; name = XCTest.framework; path = Library/Frameworks/XCTest.framework; sourceTree = DEVELOPER_DIR; };
		DB66C8BB1965E957008A661B /* Track TodayTests-Info.plist */ = {isa = PBXFileReference; lastKnownFileType = text.plist.xml; path = "Track TodayTests-Info.plist"; sourceTree = "<group>"; };
		DB66C8BD1965E957008A661B /* en */ = {isa = PBXFileReference; lastKnownFileType = text.plist.strings; name = en; path = en.lproj/InfoPlist.strings; sourceTree = "<group>"; };
		DB66C8BF1965E957008A661B /* Track_TodayTests.m */ = {isa = PBXFileReference; lastKnownFileType = sourcecode.c.objc; path = Track_TodayTests.m; sourceTree = "<group>"; };
		DB66C8CA1965E979008A661B /* Base */ = {isa = PBXFileReference; lastKnownFileType = file.storyboard; name = Base; path = "../../Progress Report/Base.lproj/Main_iPhone.storyboard"; sourceTree = "<group>"; };
		DB66C8CC1965E9A2008A661B /* HCSAddCustomShortCutViewController.h */ = {isa = PBXFileReference; fileEncoding = 4; lastKnownFileType = sourcecode.c.h; name = HCSAddCustomShortCutViewController.h; path = "../../Progress Report/HCSAddCustomShortCutViewController.h"; sourceTree = "<group>"; };
		DB66C8CD1965E9A2008A661B /* HCSAddCustomShortCutViewController.m */ = {isa = PBXFileReference; fileEncoding = 4; lastKnownFileType = sourcecode.c.objc; name = HCSAddCustomShortCutViewController.m; path = "../../Progress Report/HCSAddCustomShortCutViewController.m"; sourceTree = "<group>"; };
		DB66C8CE1965E9A2008A661B /* HCSAddCustomViewCell.h */ = {isa = PBXFileReference; fileEncoding = 4; lastKnownFileType = sourcecode.c.h; name = HCSAddCustomViewCell.h; path = "../../Progress Report/HCSAddCustomViewCell.h"; sourceTree = "<group>"; };
		DB66C8CF1965E9A2008A661B /* HCSAddCustomViewCell.m */ = {isa = PBXFileReference; fileEncoding = 4; lastKnownFileType = sourcecode.c.objc; name = HCSAddCustomViewCell.m; path = "../../Progress Report/HCSAddCustomViewCell.m"; sourceTree = "<group>"; };
		DB66C8D01965E9A2008A661B /* HCSAppDelegate.h */ = {isa = PBXFileReference; fileEncoding = 4; lastKnownFileType = sourcecode.c.h; name = HCSAppDelegate.h; path = "../../Progress Report/HCSAppDelegate.h"; sourceTree = "<group>"; };
		DB66C8D11965E9A2008A661B /* HCSAppDelegate.m */ = {isa = PBXFileReference; fileEncoding = 4; lastKnownFileType = sourcecode.c.objc; name = HCSAppDelegate.m; path = "../../Progress Report/HCSAppDelegate.m"; sourceTree = "<group>"; };
		DB66C8D21965E9A2008A661B /* HCSCustomViewCell.h */ = {isa = PBXFileReference; fileEncoding = 4; lastKnownFileType = sourcecode.c.h; name = HCSCustomViewCell.h; path = "../../Progress Report/HCSCustomViewCell.h"; sourceTree = "<group>"; };
		DB66C8D31965E9A2008A661B /* HCSCustomViewCell.m */ = {isa = PBXFileReference; fileEncoding = 4; lastKnownFileType = sourcecode.c.objc; name = HCSCustomViewCell.m; path = "../../Progress Report/HCSCustomViewCell.m"; sourceTree = "<group>"; };
		DB66C8D41965E9A2008A661B /* HCSShortcut.h */ = {isa = PBXFileReference; fileEncoding = 4; lastKnownFileType = sourcecode.c.h; name = HCSShortcut.h; path = "../../Progress Report/HCSShortcut.h"; sourceTree = "<group>"; };
		DB66C8D51965E9A2008A661B /* HCSShortcut.m */ = {isa = PBXFileReference; fileEncoding = 4; lastKnownFileType = sourcecode.c.objc; name = HCSShortcut.m; path = "../../Progress Report/HCSShortcut.m"; sourceTree = "<group>"; };
		DB66C8D61965E9A2008A661B /* HCSShortCutTextViewCell.h */ = {isa = PBXFileReference; fileEncoding = 4; lastKnownFileType = sourcecode.c.h; name = HCSShortCutTextViewCell.h; path = "../../Progress Report/HCSShortCutTextViewCell.h"; sourceTree = "<group>"; };
		DB66C8D71965E9A2008A661B /* HCSShortCutTextViewCell.m */ = {isa = PBXFileReference; fileEncoding = 4; lastKnownFileType = sourcecode.c.objc; name = HCSShortCutTextViewCell.m; path = "../../Progress Report/HCSShortCutTextViewCell.m"; sourceTree = "<group>"; };
		DB66C8D81965E9A2008A661B /* HCSShortCutViewController.h */ = {isa = PBXFileReference; fileEncoding = 4; lastKnownFileType = sourcecode.c.h; name = HCSShortCutViewController.h; path = "../../Progress Report/HCSShortCutViewController.h"; sourceTree = "<group>"; };
		DB66C8D91965E9A2008A661B /* HCSShortCutViewController.m */ = {isa = PBXFileReference; fileEncoding = 4; lastKnownFileType = sourcecode.c.objc; name = HCSShortCutViewController.m; path = "../../Progress Report/HCSShortCutViewController.m"; sourceTree = "<group>"; };
		DB66C8DA1965E9A2008A661B /* HCSViewController.h */ = {isa = PBXFileReference; fileEncoding = 4; lastKnownFileType = sourcecode.c.h; name = HCSViewController.h; path = "../../Progress Report/HCSViewController.h"; sourceTree = "<group>"; };
		DB66C8DB1965E9A2008A661B /* HCSViewController.m */ = {isa = PBXFileReference; fileEncoding = 4; lastKnownFileType = sourcecode.c.objc; name = HCSViewController.m; path = "../../Progress Report/HCSViewController.m"; sourceTree = "<group>"; };
		DB66C8DC1965E9A2008A661B /* Images.xcassets */ = {isa = PBXFileReference; lastKnownFileType = folder.assetcatalog; name = Images.xcassets; path = "../../Progress Report/Images.xcassets"; sourceTree = "<group>"; };
/* End PBXFileReference section */

/* Begin PBXFrameworksBuildPhase section */
		DB66C8941965E957008A661B /* Frameworks */ = {
			isa = PBXFrameworksBuildPhase;
			buildActionMask = 2147483647;
			files = (
				DB66C89D1965E957008A661B /* CoreGraphics.framework in Frameworks */,
				DB66C89F1965E957008A661B /* UIKit.framework in Frameworks */,
				DB66C89B1965E957008A661B /* Foundation.framework in Frameworks */,
			);
			runOnlyForDeploymentPostprocessing = 0;
		};
		DB66C8AF1965E957008A661B /* Frameworks */ = {
			isa = PBXFrameworksBuildPhase;
			buildActionMask = 2147483647;
			files = (
				DB66C8B41965E957008A661B /* XCTest.framework in Frameworks */,
				DB66C8B61965E957008A661B /* UIKit.framework in Frameworks */,
				DB66C8B51965E957008A661B /* Foundation.framework in Frameworks */,
			);
			runOnlyForDeploymentPostprocessing = 0;
		};
/* End PBXFrameworksBuildPhase section */

/* Begin PBXGroup section */
		DB66C88E1965E957008A661B = {
			isa = PBXGroup;
			children = (
				DB66C8A01965E957008A661B /* Track Today */,
				DB66C8B91965E957008A661B /* Track TodayTests */,
				DB66C8991965E957008A661B /* Frameworks */,
				DB66C8981965E957008A661B /* Products */,
			);
			sourceTree = "<group>";
		};
		DB66C8981965E957008A661B /* Products */ = {
			isa = PBXGroup;
			children = (
				DB66C8971965E957008A661B /* Track Today.app */,
				DB66C8B21965E957008A661B /* Track TodayTests.xctest */,
			);
			name = Products;
			sourceTree = "<group>";
		};
		DB66C8991965E957008A661B /* Frameworks */ = {
			isa = PBXGroup;
			children = (
				DB66C89A1965E957008A661B /* Foundation.framework */,
				DB66C89C1965E957008A661B /* CoreGraphics.framework */,
				DB66C89E1965E957008A661B /* UIKit.framework */,
				DB66C8B31965E957008A661B /* XCTest.framework */,
			);
			name = Frameworks;
			sourceTree = "<group>";
		};
		DB66C8A01965E957008A661B /* Track Today */ = {
			isa = PBXGroup;
			children = (
				DB66C8C91965E979008A661B /* Main_iPhone.storyboard */,
				DB66C8CC1965E9A2008A661B /* HCSAddCustomShortCutViewController.h */,
				DB66C8CD1965E9A2008A661B /* HCSAddCustomShortCutViewController.m */,
				DB66C8CE1965E9A2008A661B /* HCSAddCustomViewCell.h */,
				DB66C8CF1965E9A2008A661B /* HCSAddCustomViewCell.m */,
				DB66C8D01965E9A2008A661B /* HCSAppDelegate.h */,
				DB66C8D11965E9A2008A661B /* HCSAppDelegate.m */,
				DB66C8D21965E9A2008A661B /* HCSCustomViewCell.h */,
				DB66C8D31965E9A2008A661B /* HCSCustomViewCell.m */,
				DB66C8D41965E9A2008A661B /* HCSShortcut.h */,
				DB66C8D51965E9A2008A661B /* HCSShortcut.m */,
				DB66C8D61965E9A2008A661B /* HCSShortCutTextViewCell.h */,
				DB66C8D71965E9A2008A661B /* HCSShortCutTextViewCell.m */,
				DB66C8D81965E9A2008A661B /* HCSShortCutViewController.h */,
				DB66C8D91965E9A2008A661B /* HCSShortCutViewController.m */,
				DB66C8DA1965E9A2008A661B /* HCSViewController.h */,
				DB66C8DB1965E9A2008A661B /* HCSViewController.m */,
				DB66C8DC1965E9A2008A661B /* Images.xcassets */,
				DB66C8A11965E957008A661B /* Supporting Files */,
			);
			path = "Track Today";
			sourceTree = "<group>";
		};
		DB66C8A11965E957008A661B /* Supporting Files */ = {
			isa = PBXGroup;
			children = (
				DB66C8A21965E957008A661B /* Track Today-Info.plist */,
				DB66C8A31965E957008A661B /* InfoPlist.strings */,
				DB66C8A61965E957008A661B /* main.m */,
				DB66C8A81965E957008A661B /* Track Today-Prefix.pch */,
			);
			name = "Supporting Files";
			sourceTree = "<group>";
		};
		DB66C8B91965E957008A661B /* Track TodayTests */ = {
			isa = PBXGroup;
			children = (
				DB66C8BF1965E957008A661B /* Track_TodayTests.m */,
				DB66C8BA1965E957008A661B /* Supporting Files */,
			);
			path = "Track TodayTests";
			sourceTree = "<group>";
		};
		DB66C8BA1965E957008A661B /* Supporting Files */ = {
			isa = PBXGroup;
			children = (
				DB66C8BB1965E957008A661B /* Track TodayTests-Info.plist */,
				DB66C8BC1965E957008A661B /* InfoPlist.strings */,
			);
			name = "Supporting Files";
			sourceTree = "<group>";
		};
/* End PBXGroup section */

/* Begin PBXNativeTarget section */
		DB66C8961965E957008A661B /* Track Today */ = {
			isa = PBXNativeTarget;
			buildConfigurationList = DB66C8C31965E957008A661B /* Build configuration list for PBXNativeTarget "Track Today" */;
			buildPhases = (
				DB66C8931965E957008A661B /* Sources */,
				DB66C8941965E957008A661B /* Frameworks */,
				DB66C8951965E957008A661B /* Resources */,
			);
			buildRules = (
			);
			dependencies = (
			);
			name = "Track Today";
			productName = "Track Today";
			productReference = DB66C8971965E957008A661B /* Track Today.app */;
			productType = "com.apple.product-type.application";
		};
		DB66C8B11965E957008A661B /* Track TodayTests */ = {
			isa = PBXNativeTarget;
			buildConfigurationList = DB66C8C61965E957008A661B /* Build configuration list for PBXNativeTarget "Track TodayTests" */;
			buildPhases = (
				DB66C8AE1965E957008A661B /* Sources */,
				DB66C8AF1965E957008A661B /* Frameworks */,
				DB66C8B01965E957008A661B /* Resources */,
			);
			buildRules = (
			);
			dependencies = (
				DB66C8B81965E957008A661B /* PBXTargetDependency */,
			);
			name = "Track TodayTests";
			productName = "Track TodayTests";
			productReference = DB66C8B21965E957008A661B /* Track TodayTests.xctest */;
			productType = "com.apple.product-type.bundle.unit-test";
		};
/* End PBXNativeTarget section */

/* Begin PBXProject section */
		DB66C88F1965E957008A661B /* Project object */ = {
			isa = PBXProject;
			attributes = {
				CLASSPREFIX = HCS;
				LastUpgradeCheck = 0510;
				ORGANIZATIONNAME = "Roger Zou";
				TargetAttributes = {
					DB66C8B11965E957008A661B = {
						TestTargetID = DB66C8961965E957008A661B;
					};
				};
			};
			buildConfigurationList = DB66C8921965E957008A661B /* Build configuration list for PBXProject "Track Today" */;
			compatibilityVersion = "Xcode 3.2";
			developmentRegion = English;
			hasScannedForEncodings = 0;
			knownRegions = (
				en,
				Base,
			);
			mainGroup = DB66C88E1965E957008A661B;
			productRefGroup = DB66C8981965E957008A661B /* Products */;
			projectDirPath = "";
			projectRoot = "";
			targets = (
				DB66C8961965E957008A661B /* Track Today */,
				DB66C8B11965E957008A661B /* Track TodayTests */,
			);
		};
/* End PBXProject section */

/* Begin PBXResourcesBuildPhase section */
		DB66C8951965E957008A661B /* Resources */ = {
			isa = PBXResourcesBuildPhase;
			buildActionMask = 2147483647;
			files = (
				DB66C8A51965E957008A661B /* InfoPlist.strings in Resources */,
				DB66C8E51965E9A2008A661B /* Images.xcassets in Resources */,
				DB66C8CB1965E979008A661B /* Main_iPhone.storyboard in Resources */,
			);
			runOnlyForDeploymentPostprocessing = 0;
		};
		DB66C8B01965E957008A661B /* Resources */ = {
			isa = PBXResourcesBuildPhase;
			buildActionMask = 2147483647;
			files = (
				DB66C8BE1965E957008A661B /* InfoPlist.strings in Resources */,
			);
			runOnlyForDeploymentPostprocessing = 0;
		};
/* End PBXResourcesBuildPhase section */

/* Begin PBXSourcesBuildPhase section */
		DB66C8931965E957008A661B /* Sources */ = {
			isa = PBXSourcesBuildPhase;
			buildActionMask = 2147483647;
			files = (
				DB66C8DE1965E9A2008A661B /* HCSAddCustomViewCell.m in Sources */,
				DB66C8DF1965E9A2008A661B /* HCSAppDelegate.m in Sources */,
				DB66C8E11965E9A2008A661B /* HCSShortcut.m in Sources */,
				DB66C8DD1965E9A2008A661B /* HCSAddCustomShortCutViewController.m in Sources */,
				DB66C8E41965E9A2008A661B /* HCSViewController.m in Sources */,
				DB66C8A71965E957008A661B /* main.m in Sources */,
				DB66C8E01965E9A2008A661B /* HCSCustomViewCell.m in Sources */,
				DB66C8E21965E9A2008A661B /* HCSShortCutTextViewCell.m in Sources */,
				DB66C8E31965E9A2008A661B /* HCSShortCutViewController.m in Sources */,
			);
			runOnlyForDeploymentPostprocessing = 0;
		};
		DB66C8AE1965E957008A661B /* Sources */ = {
			isa = PBXSourcesBuildPhase;
			buildActionMask = 2147483647;
			files = (
				DB66C8C01965E957008A661B /* Track_TodayTests.m in Sources */,
			);
			runOnlyForDeploymentPostprocessing = 0;
		};
/* End PBXSourcesBuildPhase section */

/* Begin PBXTargetDependency section */
		DB66C8B81965E957008A661B /* PBXTargetDependency */ = {
			isa = PBXTargetDependency;
			target = DB66C8961965E957008A661B /* Track Today */;
			targetProxy = DB66C8B71965E957008A661B /* PBXContainerItemProxy */;
		};
/* End PBXTargetDependency section */

/* Begin PBXVariantGroup section */
		DB66C8A31965E957008A661B /* InfoPlist.strings */ = {
			isa = PBXVariantGroup;
			children = (
				DB66C8A41965E957008A661B /* en */,
			);
			name = InfoPlist.strings;
			sourceTree = "<group>";
		};
		DB66C8BC1965E957008A661B /* InfoPlist.strings */ = {
			isa = PBXVariantGroup;
			children = (
				DB66C8BD1965E957008A661B /* en */,
			);
			name = InfoPlist.strings;
			sourceTree = "<group>";
		};
		DB66C8C91965E979008A661B /* Main_iPhone.storyboard */ = {
			isa = PBXVariantGroup;
			children = (
				DB66C8CA1965E979008A661B /* Base */,
			);
			name = Main_iPhone.storyboard;
			sourceTree = "<group>";
		};
/* End PBXVariantGroup section */

/* Begin XCBuildConfiguration section */
		DB66C8C11965E957008A661B /* Debug */ = {
			isa = XCBuildConfiguration;
			buildSettings = {
				ALWAYS_SEARCH_USER_PATHS = NO;
				CLANG_CXX_LANGUAGE_STANDARD = "gnu++0x";
				CLANG_CXX_LIBRARY = "libc++";
				CLANG_ENABLE_MODULES = YES;
				CLANG_ENABLE_OBJC_ARC = YES;
				CLANG_WARN_BOOL_CONVERSION = YES;
				CLANG_WARN_CONSTANT_CONVERSION = YES;
				CLANG_WARN_DIRECT_OBJC_ISA_USAGE = YES_ERROR;
				CLANG_WARN_EMPTY_BODY = YES;
				CLANG_WARN_ENUM_CONVERSION = YES;
				CLANG_WARN_INT_CONVERSION = YES;
				CLANG_WARN_OBJC_ROOT_CLASS = YES_ERROR;
				CLANG_WARN__DUPLICATE_METHOD_MATCH = YES;
				"CODE_SIGN_IDENTITY[sdk=iphoneos*]" = "iPhone Developer";
				COPY_PHASE_STRIP = NO;
				GCC_C_LANGUAGE_STANDARD = gnu99;
				GCC_DYNAMIC_NO_PIC = NO;
				GCC_OPTIMIZATION_LEVEL = 0;
				GCC_PREPROCESSOR_DEFINITIONS = (
					"DEBUG=1",
					"$(inherited)",
				);
				GCC_SYMBOLS_PRIVATE_EXTERN = NO;
				GCC_WARN_64_TO_32_BIT_CONVERSION = YES;
				GCC_WARN_ABOUT_RETURN_TYPE = YES_ERROR;
				GCC_WARN_UNDECLARED_SELECTOR = YES;
				GCC_WARN_UNINITIALIZED_AUTOS = YES_AGGRESSIVE;
				GCC_WARN_UNUSED_FUNCTION = YES;
				GCC_WARN_UNUSED_VARIABLE = YES;
				IPHONEOS_DEPLOYMENT_TARGET = 7.1;
				ONLY_ACTIVE_ARCH = YES;
				SDKROOT = iphoneos;
			};
			name = Debug;
		};
		DB66C8C21965E957008A661B /* Release */ = {
			isa = XCBuildConfiguration;
			buildSettings = {
				ALWAYS_SEARCH_USER_PATHS = NO;
				CLANG_CXX_LANGUAGE_STANDARD = "gnu++0x";
				CLANG_CXX_LIBRARY = "libc++";
				CLANG_ENABLE_MODULES = YES;
				CLANG_ENABLE_OBJC_ARC = YES;
				CLANG_WARN_BOOL_CONVERSION = YES;
				CLANG_WARN_CONSTANT_CONVERSION = YES;
				CLANG_WARN_DIRECT_OBJC_ISA_USAGE = YES_ERROR;
				CLANG_WARN_EMPTY_BODY = YES;
				CLANG_WARN_ENUM_CONVERSION = YES;
				CLANG_WARN_INT_CONVERSION = YES;
				CLANG_WARN_OBJC_ROOT_CLASS = YES_ERROR;
				CLANG_WARN__DUPLICATE_METHOD_MATCH = YES;
				"CODE_SIGN_IDENTITY[sdk=iphoneos*]" = "iPhone Developer";
				COPY_PHASE_STRIP = YES;
				ENABLE_NS_ASSERTIONS = NO;
				GCC_C_LANGUAGE_STANDARD = gnu99;
				GCC_WARN_64_TO_32_BIT_CONVERSION = YES;
				GCC_WARN_ABOUT_RETURN_TYPE = YES_ERROR;
				GCC_WARN_UNDECLARED_SELECTOR = YES;
				GCC_WARN_UNINITIALIZED_AUTOS = YES_AGGRESSIVE;
				GCC_WARN_UNUSED_FUNCTION = YES;
				GCC_WARN_UNUSED_VARIABLE = YES;
				IPHONEOS_DEPLOYMENT_TARGET = 7.1;
				SDKROOT = iphoneos;
				VALIDATE_PRODUCT = YES;
			};
			name = Release;
		};
		DB66C8C41965E957008A661B /* Debug */ = {
			isa = XCBuildConfiguration;
			buildSettings = {
				ASSETCATALOG_COMPILER_APPICON_NAME = AppIcon;
				ASSETCATALOG_COMPILER_LAUNCHIMAGE_NAME = LaunchImage;
				GCC_PRECOMPILE_PREFIX_HEADER = YES;
				GCC_PREFIX_HEADER = "Track Today/Track Today-Prefix.pch";
				INFOPLIST_FILE = "Track Today/Track Today-Info.plist";
				PRODUCT_NAME = "$(TARGET_NAME)";
				WRAPPER_EXTENSION = app;
			};
			name = Debug;
		};
		DB66C8C51965E957008A661B /* Release */ = {
			isa = XCBuildConfiguration;
			buildSettings = {
				ASSETCATALOG_COMPILER_APPICON_NAME = AppIcon;
				ASSETCATALOG_COMPILER_LAUNCHIMAGE_NAME = LaunchImage;
				GCC_PRECOMPILE_PREFIX_HEADER = YES;
				GCC_PREFIX_HEADER = "Track Today/Track Today-Prefix.pch";
				INFOPLIST_FILE = "Track Today/Track Today-Info.plist";
				PRODUCT_NAME = "$(TARGET_NAME)";
				WRAPPER_EXTENSION = app;
			};
			name = Release;
		};
		DB66C8C71965E957008A661B /* Debug */ = {
			isa = XCBuildConfiguration;
			buildSettings = {
				BUNDLE_LOADER = "$(BUILT_PRODUCTS_DIR)/Track Today.app/Track Today";
				FRAMEWORK_SEARCH_PATHS = (
					"$(SDKROOT)/Developer/Library/Frameworks",
					"$(inherited)",
					"$(DEVELOPER_FRAMEWORKS_DIR)",
				);
				GCC_PRECOMPILE_PREFIX_HEADER = YES;
				GCC_PREFIX_HEADER = "Track Today/Track Today-Prefix.pch";
				GCC_PREPROCESSOR_DEFINITIONS = (
					"DEBUG=1",
					"$(inherited)",
				);
				INFOPLIST_FILE = "Track TodayTests/Track TodayTests-Info.plist";
				PRODUCT_NAME = "$(TARGET_NAME)";
				TEST_HOST = "$(BUNDLE_LOADER)";
				WRAPPER_EXTENSION = xctest;
			};
			name = Debug;
		};
		DB66C8C81965E957008A661B /* Release */ = {
			isa = XCBuildConfiguration;
			buildSettings = {
				BUNDLE_LOADER = "$(BUILT_PRODUCTS_DIR)/Track Today.app/Track Today";
				FRAMEWORK_SEARCH_PATHS = (
					"$(SDKROOT)/Developer/Library/Frameworks",
					"$(inherited)",
					"$(DEVELOPER_FRAMEWORKS_DIR)",
				);
				GCC_PRECOMPILE_PREFIX_HEADER = YES;
				GCC_PREFIX_HEADER = "Track Today/Track Today-Prefix.pch";
				INFOPLIST_FILE = "Track TodayTests/Track TodayTests-Info.plist";
				PRODUCT_NAME = "$(TARGET_NAME)";
				TEST_HOST = "$(BUNDLE_LOADER)";
				WRAPPER_EXTENSION = xctest;
			};
			name = Release;
		};
/* End XCBuildConfiguration section */

/* Begin XCConfigurationList section */
		DB66C8921965E957008A661B /* Build configuration list for PBXProject "Track Today" */ = {
			isa = XCConfigurationList;
			buildConfigurations = (
				DB66C8C11965E957008A661B /* Debug */,
				DB66C8C21965E957008A661B /* Release */,
			);
			defaultConfigurationIsVisible = 0;
			defaultConfigurationName = Release;
		};
		DB66C8C31965E957008A661B /* Build configuration list for PBXNativeTarget "Track Today" */ = {
			isa = XCConfigurationList;
			buildConfigurations = (
				DB66C8C41965E957008A661B /* Debug */,
				DB66C8C51965E957008A661B /* Release */,
			);
			defaultConfigurationIsVisible = 0;
		};
		DB66C8C61965E957008A661B /* Build configuration list for PBXNativeTarget "Track TodayTests" */ = {
			isa = XCConfigurationList;
			buildConfigurations = (
				DB66C8C71965E957008A661B /* Debug */,
				DB66C8C81965E957008A661B /* Release */,
			);
			defaultConfigurationIsVisible = 0;
		};
/* End XCConfigurationList section */
	};
	rootObject = DB66C88F1965E957008A661B /* Project object */;
}
